{
    "requires": true,
    "lockfileVersion": 1,
    "dependencies": {
        "@types/bluebird": {
            "version": "3.5.36",
            "resolved": "https://registry.npmjs.org/@types/bluebird/-/bluebird-3.5.36.tgz",
            "integrity": "sha512-HBNx4lhkxN7bx6P0++W8E289foSu8kO8GCk2unhuVggO+cE7rh9DhZUyPhUxNRG9m+5B5BTKxZQ5ZP92x/mx9Q=="
        },
        "@types/continuation-local-storage": {
            "version": "3.2.3",
            "resolved": "https://registry.npmjs.org/@types/continuation-local-storage/-/continuation-local-storage-3.2.3.tgz",
            "integrity": "sha512-4LYeWblV+6puK9tFGM7Zr4OLZkVXmaL7hUK6/wHwbfwM+q7v+HZyBWTXkNOiC9GqOxv7ehhi5TMCbebZWeVYtw==",
            "requires": {
                "@types/node": "*"
            }
        },
        "@types/lodash": {
            "version": "4.14.176",
            "resolved": "https://registry.npmjs.org/@types/lodash/-/lodash-4.14.176.tgz",
            "integrity": "sha512-xZmuPTa3rlZoIbtDUyJKZQimJV3bxCmzMIO2c9Pz9afyDro6kr7R79GwcB6mRhuoPmV2p1Vb66WOJH7F886WKQ=="
        },
        "@types/node": {
            "version": "16.11.6",
            "resolved": "https://registry.npmjs.org/@types/node/-/node-16.11.6.tgz",
            "integrity": "sha512-ua7PgUoeQFjmWPcoo9khiPum3Pd60k4/2ZGXt18sm2Slk0W0xZTqt5Y0Ny1NyBiN1EVQ/+FaF9NcY4Qe6rwk5w=="
        },
        "@types/sequelize": {
            "version": "4.28.10",
            "resolved": "https://registry.npmjs.org/@types/sequelize/-/sequelize-4.28.10.tgz",
            "integrity": "sha512-GKbEbl6uyEYTPvU2JZvmqZHfpwTTjaZvNSd2gFJrhcxUL1bcyG7i+S8Od2L0/+skrk2bBINl7J1Sugo0mgIY3g==",
            "requires": {
                "@types/bluebird": "*",
                "@types/continuation-local-storage": "*",
                "@types/lodash": "*",
                "@types/validator": "*"
            }
        },
        "@types/validator": {
            "version": "13.6.5",
            "resolved": "https://registry.npmjs.org/@types/validator/-/validator-13.6.5.tgz",
            "integrity": "sha512-ilpDKpjjq/w/IyyTuQ38mABdaEzTzTugPyU7DlMCMKd8MMYngnPKhA2TgdO1MfEDED9KVV7uSOL1fDkgwJp/wg=="
        }
    }
}
